// !$*UTF8*$!
{
	archiveVersion = 1;
	classes = {
	};
	objectVersion = 56;
	objects = {

/* Begin PBXBuildFile section */
		2F58038A2992A0DD007392E5 /* LandmarksApp.swift in Sources */ = {isa = PBXBuildFile; fileRef = 2F5803892992A0DD007392E5 /* LandmarksApp.swift */; };
		2F58038C2992A0DD007392E5 /* ContentView.swift in Sources */ = {isa = PBXBuildFile; fileRef = 2F58038B2992A0DD007392E5 /* ContentView.swift */; };
		2F58038E2992A0DF007392E5 /* Assets.xcassets in Resources */ = {isa = PBXBuildFile; fileRef = 2F58038D2992A0DF007392E5 /* Assets.xcassets */; };
		2F5803962992A0DF007392E5 /* Landmarks.xcdatamodeld in Sources */ = {isa = PBXBuildFile; fileRef = 2F5803942992A0DF007392E5 /* Landmarks.xcdatamodeld */; };
		2F5803BA2992A59B007392E5 /* CircleImage.swift in Sources */ = {isa = PBXBuildFile; fileRef = 2F5803B92992A59B007392E5 /* CircleImage.swift */; };
		2F5803BC2992A68E007392E5 /* MapView.swift in Sources */ = {isa = PBXBuildFile; fileRef = 2F5803BB2992A68E007392E5 /* MapView.swift */; };
		2F5803BE2992AB3A007392E5 /* LandMark.swift in Sources */ = {isa = PBXBuildFile; fileRef = 2F5803BD2992AB3A007392E5 /* LandMark.swift */; };
		2F5803DB2992AC22007392E5 /* landmarkData.json in Resources */ = {isa = PBXBuildFile; fileRef = 2F5803CE2992AC22007392E5 /* landmarkData.json */; };
		2F5803DD2992AE1C007392E5 /* ModelData.swift in Sources */ = {isa = PBXBuildFile; fileRef = 2F5803DC2992AE1C007392E5 /* ModelData.swift */; };
		2F5803E22992B10A007392E5 /* LandmarkRow.swift in Sources */ = {isa = PBXBuildFile; fileRef = 2F5803E12992B10A007392E5 /* LandmarkRow.swift */; };
		2F5803E42992B3A8007392E5 /* LandmarkList.swift in Sources */ = {isa = PBXBuildFile; fileRef = 2F5803E32992B3A8007392E5 /* LandmarkList.swift */; };
		2F5803E62992B551007392E5 /* LandmarkDetail.swift in Sources */ = {isa = PBXBuildFile; fileRef = 2F5803E52992B551007392E5 /* LandmarkDetail.swift */; };
		2F5803E82992C159007392E5 /* FavoriteButton.swift in Sources */ = {isa = PBXBuildFile; fileRef = 2F5803E72992C159007392E5 /* FavoriteButton.swift */; };
		2F89432429D2E1C400F8C15F /* HexagonParameters.swift in Sources */ = {isa = PBXBuildFile; fileRef = 2F89432329D2E1C400F8C15F /* HexagonParameters.swift */; };
		2F89432629D2E49000F8C15F /* BadgeBackground.swift in Sources */ = {isa = PBXBuildFile; fileRef = 2F89432529D2E49000F8C15F /* BadgeBackground.swift */; };
		2F89432829D2EA2800F8C15F /* BadgeSymbol.swift in Sources */ = {isa = PBXBuildFile; fileRef = 2F89432729D2EA2800F8C15F /* BadgeSymbol.swift */; };
		2F89432A29D2ED9200F8C15F /* RotatedBadgeSymbol.swift in Sources */ = {isa = PBXBuildFile; fileRef = 2F89432929D2ED9200F8C15F /* RotatedBadgeSymbol.swift */; };
		2F89432C29D2EE2D00F8C15F /* Badge.swift in Sources */ = {isa = PBXBuildFile; fileRef = 2F89432B29D2EE2D00F8C15F /* Badge.swift */; };
		2F89433129D2F5E400F8C15F /* Hike.swift in Sources */ = {isa = PBXBuildFile; fileRef = 2F89433029D2F5E400F8C15F /* Hike.swift */; };
		2F89433C29D2FBDF00F8C15F /* hikeData.json in Resources */ = {isa = PBXBuildFile; fileRef = 2F89433B29D2FBDF00F8C15F /* hikeData.json */; };
		2F89434229D2FBED00F8C15F /* GraphCapsule.swift in Sources */ = {isa = PBXBuildFile; fileRef = 2F89433E29D2FBED00F8C15F /* GraphCapsule.swift */; };
		2F89434329D2FBED00F8C15F /* HikeGraph.swift in Sources */ = {isa = PBXBuildFile; fileRef = 2F89433F29D2FBED00F8C15F /* HikeGraph.swift */; };
		2F89434429D2FBED00F8C15F /* HikeDetail.swift in Sources */ = {isa = PBXBuildFile; fileRef = 2F89434029D2FBED00F8C15F /* HikeDetail.swift */; };
		2F89434529D2FBED00F8C15F /* HikeView.swift in Sources */ = {isa = PBXBuildFile; fileRef = 2F89434129D2FBED00F8C15F /* HikeView.swift */; };
		2F89434829D3018300F8C15F /* CategoryHome.swift in Sources */ = {isa = PBXBuildFile; fileRef = 2F89434729D3018300F8C15F /* CategoryHome.swift */; };
/* End PBXBuildFile section */

/* Begin PBXContainerItemProxy section */
		2F58039D2992A0DF007392E5 /* PBXContainerItemProxy */ = {
			isa = PBXContainerItemProxy;
			containerPortal = 2F58037E2992A0DD007392E5 /* Project object */;
			proxyType = 1;
			remoteGlobalIDString = 2F5803852992A0DD007392E5;
			remoteInfo = Landmarks;
		};
		2F5803A72992A0DF007392E5 /* PBXContainerItemProxy */ = {
			isa = PBXContainerItemProxy;
			containerPortal = 2F58037E2992A0DD007392E5 /* Project object */;
			proxyType = 1;
			remoteGlobalIDString = 2F5803852992A0DD007392E5;
			remoteInfo = Landmarks;
		};
/* End PBXContainerItemProxy section */

/* Begin PBXFileReference section */
		2F5803862992A0DD007392E5 /* Landmarks.app */ = {isa = PBXFileReference; explicitFileType = wrapper.application; includeInIndex = 0; path = Landmarks.app; sourceTree = BUILT_PRODUCTS_DIR; };
		2F5803892992A0DD007392E5 /* LandmarksApp.swift */ = {isa = PBXFileReference; lastKnownFileType = sourcecode.swift; path = LandmarksApp.swift; sourceTree = "<group>"; };
		2F58038B2992A0DD007392E5 /* ContentView.swift */ = {isa = PBXFileReference; lastKnownFileType = sourcecode.swift; path = ContentView.swift; sourceTree = "<group>"; };
		2F58038D2992A0DF007392E5 /* Assets.xcassets */ = {isa = PBXFileReference; lastKnownFileType = folder.assetcatalog; path = Assets.xcassets; sourceTree = "<group>"; };
		2F5803952992A0DF007392E5 /* Landmarks.xcdatamodel */ = {isa = PBXFileReference; lastKnownFileType = wrapper.xcdatamodel; path = Landmarks.xcdatamodel; sourceTree = "<group>"; };
		2F5803972992A0DF007392E5 /* Info.plist */ = {isa = PBXFileReference; lastKnownFileType = text.plist.xml; path = Info.plist; sourceTree = "<group>"; };
		2F58039C2992A0DF007392E5 /* LandmarksTests.xctest */ = {isa = PBXFileReference; explicitFileType = wrapper.cfbundle; includeInIndex = 0; path = LandmarksTests.xctest; sourceTree = BUILT_PRODUCTS_DIR; };
		2F5803A62992A0DF007392E5 /* LandmarksUITests.xctest */ = {isa = PBXFileReference; explicitFileType = wrapper.cfbundle; includeInIndex = 0; path = LandmarksUITests.xctest; sourceTree = BUILT_PRODUCTS_DIR; };
		2F5803B92992A59B007392E5 /* CircleImage.swift */ = {isa = PBXFileReference; lastKnownFileType = sourcecode.swift; path = CircleImage.swift; sourceTree = "<group>"; };
		2F5803BB2992A68E007392E5 /* MapView.swift */ = {isa = PBXFileReference; lastKnownFileType = sourcecode.swift; path = MapView.swift; sourceTree = "<group>"; };
		2F5803BD2992AB3A007392E5 /* LandMark.swift */ = {isa = PBXFileReference; lastKnownFileType = sourcecode.swift; path = LandMark.swift; sourceTree = "<group>"; };
		2F5803CE2992AC22007392E5 /* landmarkData.json */ = {isa = PBXFileReference; fileEncoding = 4; lastKnownFileType = text.json; path = landmarkData.json; sourceTree = "<group>"; };
		2F5803DC2992AE1C007392E5 /* ModelData.swift */ = {isa = PBXFileReference; lastKnownFileType = sourcecode.swift; path = ModelData.swift; sourceTree = "<group>"; };
		2F5803E12992B10A007392E5 /* LandmarkRow.swift */ = {isa = PBXFileReference; lastKnownFileType = sourcecode.swift; path = LandmarkRow.swift; sourceTree = "<group>"; };
		2F5803E32992B3A8007392E5 /* LandmarkList.swift */ = {isa = PBXFileReference; lastKnownFileType = sourcecode.swift; path = LandmarkList.swift; sourceTree = "<group>"; };
		2F5803E52992B551007392E5 /* LandmarkDetail.swift */ = {isa = PBXFileReference; lastKnownFileType = sourcecode.swift; path = LandmarkDetail.swift; sourceTree = "<group>"; };
		2F5803E72992C159007392E5 /* FavoriteButton.swift */ = {isa = PBXFileReference; lastKnownFileType = sourcecode.swift; path = FavoriteButton.swift; sourceTree = "<group>"; };
		2F89432329D2E1C400F8C15F /* HexagonParameters.swift */ = {isa = PBXFileReference; lastKnownFileType = sourcecode.swift; path = HexagonParameters.swift; sourceTree = "<group>"; };
		2F89432529D2E49000F8C15F /* BadgeBackground.swift */ = {isa = PBXFileReference; lastKnownFileType = sourcecode.swift; path = BadgeBackground.swift; sourceTree = "<group>"; };
		2F89432729D2EA2800F8C15F /* BadgeSymbol.swift */ = {isa = PBXFileReference; lastKnownFileType = sourcecode.swift; path = BadgeSymbol.swift; sourceTree = "<group>"; };
		2F89432929D2ED9200F8C15F /* RotatedBadgeSymbol.swift */ = {isa = PBXFileReference; lastKnownFileType = sourcecode.swift; path = RotatedBadgeSymbol.swift; sourceTree = "<group>"; };
		2F89432B29D2EE2D00F8C15F /* Badge.swift */ = {isa = PBXFileReference; lastKnownFileType = sourcecode.swift; path = Badge.swift; sourceTree = "<group>"; };
		2F89433029D2F5E400F8C15F /* Hike.swift */ = {isa = PBXFileReference; lastKnownFileType = sourcecode.swift; path = Hike.swift; sourceTree = "<group>"; };
		2F89433B29D2FBDF00F8C15F /* hikeData.json */ = {isa = PBXFileReference; fileEncoding = 4; lastKnownFileType = text.json; path = hikeData.json; sourceTree = "<group>"; };
		2F89433E29D2FBED00F8C15F /* GraphCapsule.swift */ = {isa = PBXFileReference; fileEncoding = 4; lastKnownFileType = sourcecode.swift; path = GraphCapsule.swift; sourceTree = "<group>"; };
		2F89433F29D2FBED00F8C15F /* HikeGraph.swift */ = {isa = PBXFileReference; fileEncoding = 4; lastKnownFileType = sourcecode.swift; path = HikeGraph.swift; sourceTree = "<group>"; };
		2F89434029D2FBED00F8C15F /* HikeDetail.swift */ = {isa = PBXFileReference; fileEncoding = 4; lastKnownFileType = sourcecode.swift; path = HikeDetail.swift; sourceTree = "<group>"; };
		2F89434129D2FBED00F8C15F /* HikeView.swift */ = {isa = PBXFileReference; fileEncoding = 4; lastKnownFileType = sourcecode.swift; path = HikeView.swift; sourceTree = "<group>"; };
		2F89434729D3018300F8C15F /* CategoryHome.swift */ = {isa = PBXFileReference; lastKnownFileType = sourcecode.swift; path = CategoryHome.swift; sourceTree = "<group>"; };
/* End PBXFileReference section */

/* Begin PBXFrameworksBuildPhase section */
		2F5803832992A0DD007392E5 /* Frameworks */ = {
			isa = PBXFrameworksBuildPhase;
			buildActionMask = 2147483647;
			files = (
			);
			runOnlyForDeploymentPostprocessing = 0;
		};
		2F5803992992A0DF007392E5 /* Frameworks */ = {
			isa = PBXFrameworksBuildPhase;
			buildActionMask = 2147483647;
			files = (
			);
			runOnlyForDeploymentPostprocessing = 0;
		};
		2F5803A32992A0DF007392E5 /* Frameworks */ = {
			isa = PBXFrameworksBuildPhase;
			buildActionMask = 2147483647;
			files = (
			);
			runOnlyForDeploymentPostprocessing = 0;
		};
/* End PBXFrameworksBuildPhase section */

/* Begin PBXGroup section */
		2F58037D2992A0DD007392E5 = {
			isa = PBXGroup;
			children = (
				2F5803882992A0DD007392E5 /* Landmarks */,
				2F5803872992A0DD007392E5 /* Products */,
			);
			sourceTree = "<group>";
		};
		2F5803872992A0DD007392E5 /* Products */ = {
			isa = PBXGroup;
			children = (
				2F5803862992A0DD007392E5 /* Landmarks.app */,
				2F58039C2992A0DF007392E5 /* LandmarksTests.xctest */,
				2F5803A62992A0DF007392E5 /* LandmarksUITests.xctest */,
			);
			name = Products;
			sourceTree = "<group>";
		};
		2F5803882992A0DD007392E5 /* Landmarks */ = {
			isa = PBXGroup;
			children = (
				2F5803892992A0DD007392E5 /* LandmarksApp.swift */,
				2F5803DE2992B05A007392E5 /* Views */,
				2F5803DF2992B064007392E5 /* Model */,
				2F5803E02992B06F007392E5 /* Resources */,
				2F58038D2992A0DF007392E5 /* Assets.xcassets */,
				2F5803972992A0DF007392E5 /* Info.plist */,
				2F5803942992A0DF007392E5 /* Landmarks.xcdatamodeld */,
				2F89433B29D2FBDF00F8C15F /* hikeData.json */,
			);
			path = Landmarks;
			sourceTree = "<group>";
		};
		2F5803DE2992B05A007392E5 /* Views */ = {
			isa = PBXGroup;
			children = (
				2F58038B2992A0DD007392E5 /* ContentView.swift */,
				2F89434629D3015C00F8C15F /* Category */,
				2F89433D29D2FBED00F8C15F /* Hikes */,
				2F5803E92992C23D007392E5 /* Landmarks */,
				2F89432D29D2F3CD00F8C15F /* Badges */,
				2F5803EA2992C24B007392E5 /* Helpers */,
			);
			path = Views;
			sourceTree = "<group>";
		};
		2F5803DF2992B064007392E5 /* Model */ = {
			isa = PBXGroup;
			children = (
				2F5803BD2992AB3A007392E5 /* LandMark.swift */,
				2F5803DC2992AE1C007392E5 /* ModelData.swift */,
				2F89433029D2F5E400F8C15F /* Hike.swift */,
			);
			path = Model;
			sourceTree = "<group>";
		};
		2F5803E02992B06F007392E5 /* Resources */ = {
			isa = PBXGroup;
			children = (
				2F5803CE2992AC22007392E5 /* landmarkData.json */,
			);
			path = Resources;
			sourceTree = "<group>";
		};
		2F5803E92992C23D007392E5 /* Landmarks */ = {
			isa = PBXGroup;
			children = (
				2F5803E12992B10A007392E5 /* LandmarkRow.swift */,
				2F5803E32992B3A8007392E5 /* LandmarkList.swift */,
				2F5803E52992B551007392E5 /* LandmarkDetail.swift */,
			);
			path = Landmarks;
			sourceTree = "<group>";
		};
		2F5803EA2992C24B007392E5 /* Helpers */ = {
			isa = PBXGroup;
			children = (
				2F5803B92992A59B007392E5 /* CircleImage.swift */,
				2F5803BB2992A68E007392E5 /* MapView.swift */,
				2F5803E72992C159007392E5 /* FavoriteButton.swift */,
			);
			path = Helpers;
			sourceTree = "<group>";
		};
		2F89432D29D2F3CD00F8C15F /* Badges */ = {
			isa = PBXGroup;
			children = (
				2F89432329D2E1C400F8C15F /* HexagonParameters.swift */,
				2F89432529D2E49000F8C15F /* BadgeBackground.swift */,
				2F89432729D2EA2800F8C15F /* BadgeSymbol.swift */,
				2F89432929D2ED9200F8C15F /* RotatedBadgeSymbol.swift */,
				2F89432B29D2EE2D00F8C15F /* Badge.swift */,
			);
			path = Badges;
			sourceTree = "<group>";
		};
		2F89433D29D2FBED00F8C15F /* Hikes */ = {
			isa = PBXGroup;
			children = (
				2F89433E29D2FBED00F8C15F /* GraphCapsule.swift */,
				2F89433F29D2FBED00F8C15F /* HikeGraph.swift */,
				2F89434029D2FBED00F8C15F /* HikeDetail.swift */,
				2F89434129D2FBED00F8C15F /* HikeView.swift */,
			);
			path = Hikes;
			sourceTree = "<group>";
		};
		2F89434629D3015C00F8C15F /* Category */ = {
			isa = PBXGroup;
			children = (
				2F89434729D3018300F8C15F /* CategoryHome.swift */,
			);
			path = Category;
			sourceTree = "<group>";
		};
/* End PBXGroup section */

/* Begin PBXNativeTarget section */
		2F5803852992A0DD007392E5 /* Landmarks */ = {
			isa = PBXNativeTarget;
			buildConfigurationList = 2F5803B02992A0DF007392E5 /* Build configuration list for PBXNativeTarget "Landmarks" */;
			buildPhases = (
				2F5803822992A0DD007392E5 /* Sources */,
				2F5803832992A0DD007392E5 /* Frameworks */,
				2F5803842992A0DD007392E5 /* Resources */,
			);
			buildRules = (
			);
			dependencies = (
			);
			name = Landmarks;
			productName = Landmarks;
			productReference = 2F5803862992A0DD007392E5 /* Landmarks.app */;
			productType = "com.apple.product-type.application";
		};
		2F58039B2992A0DF007392E5 /* LandmarksTests */ = {
			isa = PBXNativeTarget;
			buildConfigurationList = 2F5803B32992A0DF007392E5 /* Build configuration list for PBXNativeTarget "LandmarksTests" */;
			buildPhases = (
				2F5803982992A0DF007392E5 /* Sources */,
				2F5803992992A0DF007392E5 /* Frameworks */,
				2F58039A2992A0DF007392E5 /* Resources */,
			);
			buildRules = (
			);
			dependencies = (
				2F58039E2992A0DF007392E5 /* PBXTargetDependency */,
			);
			name = LandmarksTests;
			productName = LandmarksTests;
			productReference = 2F58039C2992A0DF007392E5 /* LandmarksTests.xctest */;
			productType = "com.apple.product-type.bundle.unit-test";
		};
		2F5803A52992A0DF007392E5 /* LandmarksUITests */ = {
			isa = PBXNativeTarget;
			buildConfigurationList = 2F5803B62992A0DF007392E5 /* Build configuration list for PBXNativeTarget "LandmarksUITests" */;
			buildPhases = (
				2F5803A22992A0DF007392E5 /* Sources */,
				2F5803A32992A0DF007392E5 /* Frameworks */,
				2F5803A42992A0DF007392E5 /* Resources */,
			);
			buildRules = (
			);
			dependencies = (
				2F5803A82992A0DF007392E5 /* PBXTargetDependency */,
			);
			name = LandmarksUITests;
			productName = LandmarksUITests;
			productReference = 2F5803A62992A0DF007392E5 /* LandmarksUITests.xctest */;
			productType = "com.apple.product-type.bundle.ui-testing";
		};
/* End PBXNativeTarget section */

/* Begin PBXProject section */
		2F58037E2992A0DD007392E5 /* Project object */ = {
			isa = PBXProject;
			attributes = {
				BuildIndependentTargetsInParallel = 1;
				LastSwiftUpdateCheck = 1420;
				LastUpgradeCheck = 1420;
				TargetAttributes = {
					2F5803852992A0DD007392E5 = {
						CreatedOnToolsVersion = 14.2;
					};
					2F58039B2992A0DF007392E5 = {
						CreatedOnToolsVersion = 14.2;
						TestTargetID = 2F5803852992A0DD007392E5;
					};
					2F5803A52992A0DF007392E5 = {
						CreatedOnToolsVersion = 14.2;
						TestTargetID = 2F5803852992A0DD007392E5;
					};
				};
			};
			buildConfigurationList = 2F5803812992A0DD007392E5 /* Build configuration list for PBXProject "Landmarks" */;
			compatibilityVersion = "Xcode 14.0";
			developmentRegion = en;
			hasScannedForEncodings = 0;
			knownRegions = (
				en,
				Base,
			);
			mainGroup = 2F58037D2992A0DD007392E5;
			productRefGroup = 2F5803872992A0DD007392E5 /* Products */;
			projectDirPath = "";
			projectRoot = "";
			targets = (
				2F5803852992A0DD007392E5 /* Landmarks */,
				2F58039B2992A0DF007392E5 /* LandmarksTests */,
				2F5803A52992A0DF007392E5 /* LandmarksUITests */,
			);
		};
/* End PBXProject section */

/* Begin PBXResourcesBuildPhase section */
		2F5803842992A0DD007392E5 /* Resources */ = {
			isa = PBXResourcesBuildPhase;
			buildActionMask = 2147483647;
			files = (
				2F5803DB2992AC22007392E5 /* landmarkData.json in Resources */,
				2F89433C29D2FBDF00F8C15F /* hikeData.json in Resources */,
				2F58038E2992A0DF007392E5 /* Assets.xcassets in Resources */,
			);
			runOnlyForDeploymentPostprocessing = 0;
		};
		2F58039A2992A0DF007392E5 /* Resources */ = {
			isa = PBXResourcesBuildPhase;
			buildActionMask = 2147483647;
			files = (
			);
			runOnlyForDeploymentPostprocessing = 0;
		};
		2F5803A42992A0DF007392E5 /* Resources */ = {
			isa = PBXResourcesBuildPhase;
			buildActionMask = 2147483647;
			files = (
			);
			runOnlyForDeploymentPostprocessing = 0;
		};
/* End PBXResourcesBuildPhase section */

/* Begin PBXSourcesBuildPhase section */
		2F5803822992A0DD007392E5 /* Sources */ = {
			isa = PBXSourcesBuildPhase;
			buildActionMask = 2147483647;
			files = (
				2F89433129D2F5E400F8C15F /* Hike.swift in Sources */,
				2F89432429D2E1C400F8C15F /* HexagonParameters.swift in Sources */,
				2F58038C2992A0DD007392E5 /* ContentView.swift in Sources */,
				2F5803BA2992A59B007392E5 /* CircleImage.swift in Sources */,
				2F89434829D3018300F8C15F /* CategoryHome.swift in Sources */,
				2F89434329D2FBED00F8C15F /* HikeGraph.swift in Sources */,
				2F5803BC2992A68E007392E5 /* MapView.swift in Sources */,
				2F58038A2992A0DD007392E5 /* LandmarksApp.swift in Sources */,
				2F5803E42992B3A8007392E5 /* LandmarkList.swift in Sources */,
				2F5803962992A0DF007392E5 /* Landmarks.xcdatamodeld in Sources */,
				2F89432829D2EA2800F8C15F /* BadgeSymbol.swift in Sources */,
				2F89432A29D2ED9200F8C15F /* RotatedBadgeSymbol.swift in Sources */,
				2F89432C29D2EE2D00F8C15F /* Badge.swift in Sources */,
				2F5803BE2992AB3A007392E5 /* LandMark.swift in Sources */,
				2F89432629D2E49000F8C15F /* BadgeBackground.swift in Sources */,
				2F5803E22992B10A007392E5 /* LandmarkRow.swift in Sources */,
				2F89434229D2FBED00F8C15F /* GraphCapsule.swift in Sources */,
				2F89434529D2FBED00F8C15F /* HikeView.swift in Sources */,
				2F5803E62992B551007392E5 /* LandmarkDetail.swift in Sources */,
				2F5803E82992C159007392E5 /* FavoriteButton.swift in Sources */,
				2F5803DD2992AE1C007392E5 /* ModelData.swift in Sources */,
				2F89434429D2FBED00F8C15F /* HikeDetail.swift in Sources */,
			);
			runOnlyForDeploymentPostprocessing = 0;
		};
		2F5803982992A0DF007392E5 /* Sources */ = {
			isa = PBXSourcesBuildPhase;
			buildActionMask = 2147483647;
			files = (
			);
			runOnlyForDeploymentPostprocessing = 0;
		};
		2F5803A22992A0DF007392E5 /* Sources */ = {
			isa = PBXSourcesBuildPhase;
			buildActionMask = 2147483647;
			files = (
			);
			runOnlyForDeploymentPostprocessing = 0;
		};
/* End PBXSourcesBuildPhase section */

/* Begin PBXTargetDependency section */
		2F58039E2992A0DF007392E5 /* PBXTargetDependency */ = {
			isa = PBXTargetDependency;
			target = 2F5803852992A0DD007392E5 /* Landmarks */;
			targetProxy = 2F58039D2992A0DF007392E5 /* PBXContainerItemProxy */;
		};
		2F5803A82992A0DF007392E5 /* PBXTargetDependency */ = {
			isa = PBXTargetDependency;
			target = 2F5803852992A0DD007392E5 /* Landmarks */;
			targetProxy = 2F5803A72992A0DF007392E5 /* PBXContainerItemProxy */;
		};
/* End PBXTargetDependency section */

/* Begin XCBuildConfiguration section */
		2F5803AE2992A0DF007392E5 /* Debug */ = {
			isa = XCBuildConfiguration;
			buildSettings = {
				ALWAYS_SEARCH_USER_PATHS = NO;
				CLANG_ANALYZER_NONNULL = YES;
				CLANG_ANALYZER_NUMBER_OBJECT_CONVERSION = YES_AGGRESSIVE;
				CLANG_CXX_LANGUAGE_STANDARD = "gnu++20";
				CLANG_ENABLE_MODULES = YES;
				CLANG_ENABLE_OBJC_ARC = YES;
				CLANG_ENABLE_OBJC_WEAK = YES;
				CLANG_WARN_BLOCK_CAPTURE_AUTORELEASING = YES;
				CLANG_WARN_BOOL_CONVERSION = YES;
				CLANG_WARN_COMMA = YES;
				CLANG_WARN_CONSTANT_CONVERSION = YES;
				CLANG_WARN_DEPRECATED_OBJC_IMPLEMENTATIONS = YES;
				CLANG_WARN_DIRECT_OBJC_ISA_USAGE = YES_ERROR;
				CLANG_WARN_DOCUMENTATION_COMMENTS = YES;
				CLANG_WARN_EMPTY_BODY = YES;
				CLANG_WARN_ENUM_CONVERSION = YES;
				CLANG_WARN_INFINITE_RECURSION = YES;
				CLANG_WARN_INT_CONVERSION = YES;
				CLANG_WARN_NON_LITERAL_NULL_CONVERSION = YES;
				CLANG_WARN_OBJC_IMPLICIT_RETAIN_SELF = YES;
				CLANG_WARN_OBJC_LITERAL_CONVERSION = YES;
				CLANG_WARN_OBJC_ROOT_CLASS = YES_ERROR;
				CLANG_WARN_QUOTED_INCLUDE_IN_FRAMEWORK_HEADER = YES;
				CLANG_WARN_RANGE_LOOP_ANALYSIS = YES;
				CLANG_WARN_STRICT_PROTOTYPES = YES;
				CLANG_WARN_SUSPICIOUS_MOVE = YES;
				CLANG_WARN_UNGUARDED_AVAILABILITY = YES_AGGRESSIVE;
				CLANG_WARN_UNREACHABLE_CODE = YES;
				CLANG_WARN__DUPLICATE_METHOD_MATCH = YES;
				COPY_PHASE_STRIP = NO;
				DEBUG_INFORMATION_FORMAT = dwarf;
				ENABLE_STRICT_OBJC_MSGSEND = YES;
				ENABLE_TESTABILITY = YES;
				GCC_C_LANGUAGE_STANDARD = gnu11;
				GCC_DYNAMIC_NO_PIC = NO;
				GCC_NO_COMMON_BLOCKS = YES;
				GCC_OPTIMIZATION_LEVEL = 0;
				GCC_PREPROCESSOR_DEFINITIONS = (
					"DEBUG=1",
					"$(inherited)",
				);
				GCC_WARN_64_TO_32_BIT_CONVERSION = YES;
				GCC_WARN_ABOUT_RETURN_TYPE = YES_ERROR;
				GCC_WARN_UNDECLARED_SELECTOR = YES;
				GCC_WARN_UNINITIALIZED_AUTOS = YES_AGGRESSIVE;
				GCC_WARN_UNUSED_FUNCTION = YES;
				GCC_WARN_UNUSED_VARIABLE = YES;
				IPHONEOS_DEPLOYMENT_TARGET = 16.2;
				MTL_ENABLE_DEBUG_INFO = INCLUDE_SOURCE;
				MTL_FAST_MATH = YES;
				ONLY_ACTIVE_ARCH = YES;
				SDKROOT = iphoneos;
				SWIFT_ACTIVE_COMPILATION_CONDITIONS = DEBUG;
				SWIFT_OPTIMIZATION_LEVEL = "-Onone";
			};
			name = Debug;
		};
		2F5803AF2992A0DF007392E5 /* Release */ = {
			isa = XCBuildConfiguration;
			buildSettings = {
				ALWAYS_SEARCH_USER_PATHS = NO;
				CLANG_ANALYZER_NONNULL = YES;
				CLANG_ANALYZER_NUMBER_OBJECT_CONVERSION = YES_AGGRESSIVE;
				CLANG_CXX_LANGUAGE_STANDARD = "gnu++20";
				CLANG_ENABLE_MODULES = YES;
				CLANG_ENABLE_OBJC_ARC = YES;
				CLANG_ENABLE_OBJC_WEAK = YES;
				CLANG_WARN_BLOCK_CAPTURE_AUTORELEASING = YES;
				CLANG_WARN_BOOL_CONVERSION = YES;
				CLANG_WARN_COMMA = YES;
				CLANG_WARN_CONSTANT_CONVERSION = YES;
				CLANG_WARN_DEPRECATED_OBJC_IMPLEMENTATIONS = YES;
				CLANG_WARN_DIRECT_OBJC_ISA_USAGE = YES_ERROR;
				CLANG_WARN_DOCUMENTATION_COMMENTS = YES;
				CLANG_WARN_EMPTY_BODY = YES;
				CLANG_WARN_ENUM_CONVERSION = YES;
				CLANG_WARN_INFINITE_RECURSION = YES;
				CLANG_WARN_INT_CONVERSION = YES;
				CLANG_WARN_NON_LITERAL_NULL_CONVERSION = YES;
				CLANG_WARN_OBJC_IMPLICIT_RETAIN_SELF = YES;
				CLANG_WARN_OBJC_LITERAL_CONVERSION = YES;
				CLANG_WARN_OBJC_ROOT_CLASS = YES_ERROR;
				CLANG_WARN_QUOTED_INCLUDE_IN_FRAMEWORK_HEADER = YES;
				CLANG_WARN_RANGE_LOOP_ANALYSIS = YES;
				CLANG_WARN_STRICT_PROTOTYPES = YES;
				CLANG_WARN_SUSPICIOUS_MOVE = YES;
				CLANG_WARN_UNGUARDED_AVAILABILITY = YES_AGGRESSIVE;
				CLANG_WARN_UNREACHABLE_CODE = YES;
				CLANG_WARN__DUPLICATE_METHOD_MATCH = YES;
				COPY_PHASE_STRIP = NO;
				DEBUG_INFORMATION_FORMAT = "dwarf-with-dsym";
				ENABLE_NS_ASSERTIONS = NO;
				ENABLE_STRICT_OBJC_MSGSEND = YES;
				GCC_C_LANGUAGE_STANDARD = gnu11;
				GCC_NO_COMMON_BLOCKS = YES;
				GCC_WARN_64_TO_32_BIT_CONVERSION = YES;
				GCC_WARN_ABOUT_RETURN_TYPE = YES_ERROR;
				GCC_WARN_UNDECLARED_SELECTOR = YES;
				GCC_WARN_UNINITIALIZED_AUTOS = YES_AGGRESSIVE;
				GCC_WARN_UNUSED_FUNCTION = YES;
				GCC_WARN_UNUSED_VARIABLE = YES;
				IPHONEOS_DEPLOYMENT_TARGET = 16.2;
				MTL_ENABLE_DEBUG_INFO = NO;
				MTL_FAST_MATH = YES;
				SDKROOT = iphoneos;
				SWIFT_COMPILATION_MODE = wholemodule;
				SWIFT_OPTIMIZATION_LEVEL = "-O";
				VALIDATE_PRODUCT = YES;
			};
			name = Release;
		};
		2F5803B12992A0DF007392E5 /* Debug */ = {
			isa = XCBuildConfiguration;
			buildSettings = {
				ASSETCATALOG_COMPILER_APPICON_NAME = AppIcon;
				ASSETCATALOG_COMPILER_GLOBAL_ACCENT_COLOR_NAME = AccentColor;
				CODE_SIGN_STYLE = Automatic;
				CURRENT_PROJECT_VERSION = 1;
				DEVELOPMENT_ASSET_PATHS = "\"Landmarks/Preview Content\"";
				DEVELOPMENT_TEAM = V3345MULYZ;
				ENABLE_PREVIEWS = YES;
				GENERATE_INFOPLIST_FILE = YES;
				INFOPLIST_KEY_UIApplicationSceneManifest_Generation = YES;
				INFOPLIST_KEY_UIApplicationSupportsIndirectInputEvents = YES;
				INFOPLIST_KEY_UILaunchScreen_Generation = YES;
				INFOPLIST_KEY_UISupportedInterfaceOrientations_iPad = "UIInterfaceOrientationPortrait UIInterfaceOrientationPortraitUpsideDown UIInterfaceOrientationLandscapeLeft UIInterfaceOrientationLandscapeRight";
				INFOPLIST_KEY_UISupportedInterfaceOrientations_iPhone = "UIInterfaceOrientationPortrait UIInterfaceOrientationLandscapeLeft UIInterfaceOrientationLandscapeRight";
				LD_RUNPATH_SEARCH_PATHS = (
					"$(inherited)",
					"@executable_path/Frameworks",
				);
				MARKETING_VERSION = 1.0;
				PRODUCT_BUNDLE_IDENTIFIER = "semkavabangaa-gmail.com.Landmarks";
				PRODUCT_NAME = "$(TARGET_NAME)";
				SWIFT_EMIT_LOC_STRINGS = YES;
				SWIFT_VERSION = 5.0;
				TARGETED_DEVICE_FAMILY = "1,2";
			};
			name = Debug;
		};
		2F5803B22992A0DF007392E5 /* Release */ = {
			isa = XCBuildConfiguration;
			buildSettings = {
				ASSETCATALOG_COMPILER_APPICON_NAME = AppIcon;
				ASSETCATALOG_COMPILER_GLOBAL_ACCENT_COLOR_NAME = AccentColor;
				CODE_SIGN_STYLE = Automatic;
				CURRENT_PROJECT_VERSION = 1;
				DEVELOPMENT_ASSET_PATHS = "\"Landmarks/Preview Content\"";
				DEVELOPMENT_TEAM = V3345MULYZ;
				ENABLE_PREVIEWS = YES;
				GENERATE_INFOPLIST_FILE = YES;
				INFOPLIST_KEY_UIApplicationSceneManifest_Generation = YES;
				INFOPLIST_KEY_UIApplicationSupportsIndirectInputEvents = YES;
				INFOPLIST_KEY_UILaunchScreen_Generation = YES;
				INFOPLIST_KEY_UISupportedInterfaceOrientations_iPad = "UIInterfaceOrientationPortrait UIInterfaceOrientationPortraitUpsideDown UIInterfaceOrientationLandscapeLeft UIInterfaceOrientationLandscapeRight";
				INFOPLIST_KEY_UISupportedInterfaceOrientations_iPhone = "UIInterfaceOrientationPortrait UIInterfaceOrientationLandscapeLeft UIInterfaceOrientationLandscapeRight";
				LD_RUNPATH_SEARCH_PATHS = (
					"$(inherited)",
					"@executable_path/Frameworks",
				);
				MARKETING_VERSION = 1.0;
				PRODUCT_BUNDLE_IDENTIFIER = "semkavabangaa-gmail.com.Landmarks";
				PRODUCT_NAME = "$(TARGET_NAME)";
				SWIFT_EMIT_LOC_STRINGS = YES;
				SWIFT_VERSION = 5.0;
				TARGETED_DEVICE_FAMILY = "1,2";
			};
			name = Release;
		};
		2F5803B42992A0DF007392E5 /* Debug */ = {
			isa = XCBuildConfiguration;
			buildSettings = {
				ALWAYS_EMBED_SWIFT_STANDARD_LIBRARIES = YES;
				BUNDLE_LOADER = "$(TEST_HOST)";
				CODE_SIGN_STYLE = Automatic;
				CURRENT_PROJECT_VERSION = 1;
				DEVELOPMENT_TEAM = V3345MULYZ;
				GENERATE_INFOPLIST_FILE = YES;
				IPHONEOS_DEPLOYMENT_TARGET = 16.2;
				MARKETING_VERSION = 1.0;
				PRODUCT_BUNDLE_IDENTIFIER = "semkavabangaa-gmail.com.LandmarksTests";
				PRODUCT_NAME = "$(TARGET_NAME)";
				SWIFT_EMIT_LOC_STRINGS = NO;
				SWIFT_VERSION = 5.0;
				TARGETED_DEVICE_FAMILY = "1,2";
				TEST_HOST = "$(BUILT_PRODUCTS_DIR)/Landmarks.app/$(BUNDLE_EXECUTABLE_FOLDER_PATH)/Landmarks";
			};
			name = Debug;
		};
		2F5803B52992A0DF007392E5 /* Release */ = {
			isa = XCBuildConfiguration;
			buildSettings = {
				ALWAYS_EMBED_SWIFT_STANDARD_LIBRARIES = YES;
				BUNDLE_LOADER = "$(TEST_HOST)";
				CODE_SIGN_STYLE = Automatic;
				CURRENT_PROJECT_VERSION = 1;
				DEVELOPMENT_TEAM = V3345MULYZ;
				GENERATE_INFOPLIST_FILE = YES;
				IPHONEOS_DEPLOYMENT_TARGET = 16.2;
				MARKETING_VERSION = 1.0;
				PRODUCT_BUNDLE_IDENTIFIER = "semkavabangaa-gmail.com.LandmarksTests";
				PRODUCT_NAME = "$(TARGET_NAME)";
				SWIFT_EMIT_LOC_STRINGS = NO;
				SWIFT_VERSION = 5.0;
				TARGETED_DEVICE_FAMILY = "1,2";
				TEST_HOST = "$(BUILT_PRODUCTS_DIR)/Landmarks.app/$(BUNDLE_EXECUTABLE_FOLDER_PATH)/Landmarks";
			};
			name = Release;
		};
		2F5803B72992A0DF007392E5 /* Debug */ = {
			isa = XCBuildConfiguration;
			buildSettings = {
				ALWAYS_EMBED_SWIFT_STANDARD_LIBRARIES = YES;
				CODE_SIGN_STYLE = Automatic;
				CURRENT_PROJECT_VERSION = 1;
				DEVELOPMENT_TEAM = V3345MULYZ;
				GENERATE_INFOPLIST_FILE = YES;
				MARKETING_VERSION = 1.0;
				PRODUCT_BUNDLE_IDENTIFIER = "semkavabangaa-gmail.com.LandmarksUITests";
				PRODUCT_NAME = "$(TARGET_NAME)";
				SWIFT_EMIT_LOC_STRINGS = NO;
				SWIFT_VERSION = 5.0;
				TARGETED_DEVICE_FAMILY = "1,2";
				TEST_TARGET_NAME = Landmarks;
			};
			name = Debug;
		};
		2F5803B82992A0DF007392E5 /* Release */ = {
			isa = XCBuildConfiguration;
			buildSettings = {
				ALWAYS_EMBED_SWIFT_STANDARD_LIBRARIES = YES;
				CODE_SIGN_STYLE = Automatic;
				CURRENT_PROJECT_VERSION = 1;
				DEVELOPMENT_TEAM = V3345MULYZ;
				GENERATE_INFOPLIST_FILE = YES;
				MARKETING_VERSION = 1.0;
				PRODUCT_BUNDLE_IDENTIFIER = "semkavabangaa-gmail.com.LandmarksUITests";
				PRODUCT_NAME = "$(TARGET_NAME)";
				SWIFT_EMIT_LOC_STRINGS = NO;
				SWIFT_VERSION = 5.0;
				TARGETED_DEVICE_FAMILY = "1,2";
				TEST_TARGET_NAME = Landmarks;
			};
			name = Release;
		};
/* End XCBuildConfiguration section */

/* Begin XCConfigurationList section */
		2F5803812992A0DD007392E5 /* Build configuration list for PBXProject "Landmarks" */ = {
			isa = XCConfigurationList;
			buildConfigurations = (
				2F5803AE2992A0DF007392E5 /* Debug */,
				2F5803AF2992A0DF007392E5 /* Release */,
			);
			defaultConfigurationIsVisible = 0;
			defaultConfigurationName = Release;
		};
		2F5803B02992A0DF007392E5 /* Build configuration list for PBXNativeTarget "Landmarks" */ = {
			isa = XCConfigurationList;
			buildConfigurations = (
				2F5803B12992A0DF007392E5 /* Debug */,
				2F5803B22992A0DF007392E5 /* Release */,
			);
			defaultConfigurationIsVisible = 0;
			defaultConfigurationName = Release;
		};
		2F5803B32992A0DF007392E5 /* Build configuration list for PBXNativeTarget "LandmarksTests" */ = {
			isa = XCConfigurationList;
			buildConfigurations = (
				2F5803B42992A0DF007392E5 /* Debug */,
				2F5803B52992A0DF007392E5 /* Release */,
			);
			defaultConfigurationIsVisible = 0;
			defaultConfigurationName = Release;
		};
		2F5803B62992A0DF007392E5 /* Build configuration list for PBXNativeTarget "LandmarksUITests" */ = {
			isa = XCConfigurationList;
			buildConfigurations = (
				2F5803B72992A0DF007392E5 /* Debug */,
				2F5803B82992A0DF007392E5 /* Release */,
			);
			defaultConfigurationIsVisible = 0;
			defaultConfigurationName = Release;
		};
/* End XCConfigurationList section */

/* Begin XCVersionGroup section */
		2F5803942992A0DF007392E5 /* Landmarks.xcdatamodeld */ = {
			isa = XCVersionGroup;
			children = (
				2F5803952992A0DF007392E5 /* Landmarks.xcdatamodel */,
			);
			currentVersion = 2F5803952992A0DF007392E5 /* Landmarks.xcdatamodel */;
			path = Landmarks.xcdatamodeld;
			sourceTree = "<group>";
			versionGroupType = wrapper.xcdatamodel;
		};
/* End XCVersionGroup section */
	};
	rootObject = 2F58037E2992A0DD007392E5 /* Project object */;
}
